
Microsoft Visual Studio Solution File, Format Version 12.00
# Visual Studio 15
VisualStudioVersion = 15.0.27130.2036
MinimumVisualStudioVersion = 10.0.40219.1
Project("{FAE04EC0-301F-11D3-BF4B-00C04F79EFBC}") = "WebExample", "WebExample\WebExample.csproj", "{7010494E-3188-4D77-8DA6-23BEBA900193}"
EndProject
Global
	GlobalSection(SolutionConfigurationPlatforms) = preSolution
		Debug|Any CPU = Debug|Any CPU
		Release|Any CPU = Release|Any CPU
	EndGlobalSection
	GlobalSection(ProjectConfigurationPlatforms) = postSolution
		{7010494E-3188-4D77-8DA6-23BEBA900193}.Debug|Any CPU.ActiveCfg = Debug|Any CPU
		{7010494E-3188-4D77-8DA6-23BEBA900193}.Debug|Any CPU.Build.0 = Debug|Any CPU
		{7010494E-3188-4D77-8DA6-23BEBA900193}.Release|Any CPU.ActiveCfg = Release|Any CPU
		{7010494E-3188-4D77-8DA6-23BEBA900193}.Release|Any CPU.Build.0 = Release|Any CPU
	EndGlobalSection
	GlobalSection(SolutionProperties) = preSolution
		HideSolutionNode = FALSE
	EndGlobalSection
	GlobalSection(ExtensibilityGlobals) = postSolution
		SolutionGuid = {6D21C8E9-883D-46AD-88E2-DAEA460553E5}
	EndGlobalSection
EndGlobal
